{
    "name": "webgl-plot-utils",
    "version": "0.2.7",
    "lockfileVersion": 2,
    "requires": true,
    "packages": {
        "": {
            "name": "webgl-plot-utils",
            "version": "0.2.7",
            "license": "AGPL-3.0-or-later",
            "dependencies": {
                "webgl-plot": "~0.7.0"
            }
        },
        "../../../../AppData/Roaming/npm/node_modules/tinybuild": {
            "version": "0.3.171",
            "extraneous": true,
            "license": "AGPL-3.0-or-later",
            "dependencies": {
                "chokidar": "~3.5.3",
                "esbuild": "~0.14.49",
                "ws": "^8.5.0"
            },
            "bin": {
                "tinybuild": "tinybuild/bin/global.js"
            },
            "peerDependencies": {
                "typescript": "~4.6.4"
            }
        },
        "node_modules/webgl-plot": {
            "version": "0.7.0",
            "license": "MIT"
        }
    },
    "dependencies": {
        "webgl-plot": {
            "version": "0.7.0"
        }
    }
}
